
Microsoft Visual Studio Solution File, Format Version 12.00
# Visual Studio 15
VisualStudioVersion = 15.0.27703.2018
MinimumVisualStudioVersion = 10.0.40219.1
Project("{FAE04EC0-301F-11D3-BF4B-00C04F79EFBC}") = "TicketSearch", "TicketSearch\TicketSearch.csproj", "{4C6D7AB6-46AA-4FBC-9FCE-C02904F68358}"
EndProject
Project("{FAE04EC0-301F-11D3-BF4B-00C04F79EFBC}") = "TicketSearch.UnitTest", "TicketSearch.UnitTest\TicketSearch.UnitTest.csproj", "{5D4CFCE9-A512-4C30-94DB-992BF85B7C4F}"
EndProject
Global
	GlobalSection(SolutionConfigurationPlatforms) = preSolution
		Debug|Any CPU = Debug|Any CPU
		Release|Any CPU = Release|Any CPU
	EndGlobalSection
	GlobalSection(ProjectConfigurationPlatforms) = postSolution
		{4C6D7AB6-46AA-4FBC-9FCE-C02904F68358}.Debug|Any CPU.ActiveCfg = Debug|Any CPU
		{4C6D7AB6-46AA-4FBC-9FCE-C02904F68358}.Debug|Any CPU.Build.0 = Debug|Any CPU
		{4C6D7AB6-46AA-4FBC-9FCE-C02904F68358}.Release|Any CPU.ActiveCfg = Release|Any CPU
		{4C6D7AB6-46AA-4FBC-9FCE-C02904F68358}.Release|Any CPU.Build.0 = Release|Any CPU
		{5D4CFCE9-A512-4C30-94DB-992BF85B7C4F}.Debug|Any CPU.ActiveCfg = Debug|Any CPU
		{5D4CFCE9-A512-4C30-94DB-992BF85B7C4F}.Debug|Any CPU.Build.0 = Debug|Any CPU
		{5D4CFCE9-A512-4C30-94DB-992BF85B7C4F}.Release|Any CPU.ActiveCfg = Release|Any CPU
		{5D4CFCE9-A512-4C30-94DB-992BF85B7C4F}.Release|Any CPU.Build.0 = Release|Any CPU
	EndGlobalSection
	GlobalSection(SolutionProperties) = preSolution
		HideSolutionNode = FALSE
	EndGlobalSection
	GlobalSection(ExtensibilityGlobals) = postSolution
		SolutionGuid = {4ED2E0A4-B50F-46F6-851F-3BDC14D6E878}
	EndGlobalSection
EndGlobal
